
Microsoft Visual Studio Solution File, Format Version 12.00
# Visual Studio Version 17
VisualStudioVersion = 17.9.34622.214
MinimumVisualStudioVersion = 10.0.40219.1
Project("{FAE04EC0-301F-11D3-BF4B-00C04F79EFBC}") = "DotNetCoreWithSuperbase", "DotNetCoreWithSuperbase\DotNetCoreWithSuperbase.csproj", "{7623B4D2-AC02-4493-A362-CD7354600CFE}"
EndProject
Global
	GlobalSection(SolutionConfigurationPlatforms) = preSolution
		Debug|Any CPU = Debug|Any CPU
		Release|Any CPU = Release|Any CPU
	EndGlobalSection
	GlobalSection(ProjectConfigurationPlatforms) = postSolution
		{7623B4D2-AC02-4493-A362-CD7354600CFE}.Debug|Any CPU.ActiveCfg = Debug|Any CPU
		{7623B4D2-AC02-4493-A362-CD7354600CFE}.Debug|Any CPU.Build.0 = Debug|Any CPU
		{7623B4D2-AC02-4493-A362-CD7354600CFE}.Release|Any CPU.ActiveCfg = Release|Any CPU
		{7623B4D2-AC02-4493-A362-CD7354600CFE}.Release|Any CPU.Build.0 = Release|Any CPU
	EndGlobalSection
	GlobalSection(SolutionProperties) = preSolution
		HideSolutionNode = FALSE
	EndGlobalSection
	GlobalSection(ExtensibilityGlobals) = postSolution
		SolutionGuid = {148EDFBA-5125-49C7-BD29-D951229E122B}
	EndGlobalSection
EndGlobal
